
Microsoft Visual Studio Solution File, Format Version 12.00
# Visual Studio Version 17
VisualStudioVersion = 17.13.35828.75
MinimumVisualStudioVersion = 10.0.40219.1
Project("{FAE04EC0-301F-11D3-BF4B-00C04F79EFBC}") = "Exercicio1", "Exercicio1\Exercicio1.csproj", "{834BD2A5-8EE9-4A05-A313-416AF0FFD060}"
EndProject
Project("{FAE04EC0-301F-11D3-BF4B-00C04F79EFBC}") = "Exercicio2", "Exercicio2\Exercicio2.csproj", "{6E678FDD-91AC-42B2-97CF-7DA53E9AA1CD}"
EndProject
Project("{FAE04EC0-301F-11D3-BF4B-00C04F79EFBC}") = "Exercicio3", "Exercicio3\Exercicio3.csproj", "{BE8DB371-CC3A-404F-B87D-10D1C16D0681}"
EndProject
Project("{FAE04EC0-301F-11D3-BF4B-00C04F79EFBC}") = "Exercicio4", "Exercicio4\Exercicio4.csproj", "{0A5352D7-B33C-446C-9727-FC4F267B0D33}"
EndProject
Project("{FAE04EC0-301F-11D3-BF4B-00C04F79EFBC}") = "Exercicio5", "Exercicio5\Exercicio5.csproj", "{04DF6EEF-530A-4E24-B8E3-8B27DE5B7ACD}"
EndProject
Project("{FAE04EC0-301F-11D3-BF4B-00C04F79EFBC}") = "Exercicio6", "Exercicio6\Exercicio6.csproj", "{012DD0F0-044B-439F-BAF4-97B30FAF49E2}"
EndProject
Project("{FAE04EC0-301F-11D3-BF4B-00C04F79EFBC}") = "Exercicio7", "Exercicio7\Exercicio7.csproj", "{DA4FBD44-D376-47A7-8251-0D27205DF1E3}"
EndProject
Project("{FAE04EC0-301F-11D3-BF4B-00C04F79EFBC}") = "Exercicio8", "Exercicio8\Exercicio8.csproj", "{B292686D-50D0-43FD-8F23-71C998603093}"
EndProject
Project("{FAE04EC0-301F-11D3-BF4B-00C04F79EFBC}") = "Exercicio9", "Exercicio9\Exercicio9.csproj", "{BB491EA5-4063-4AF6-A475-03192D594390}"
EndProject
Project("{FAE04EC0-301F-11D3-BF4B-00C04F79EFBC}") = "Exercicio10", "Exercicio10\Exercicio10.csproj", "{8B6C6ED1-44D7-4D31-BF2B-E65C6298C869}"
EndProject
Project("{FAE04EC0-301F-11D3-BF4B-00C04F79EFBC}") = "Exercicio11", "Exercicio11\Exercicio11.csproj", "{810A4F75-6E98-486C-9780-B0E1866A0383}"
EndProject
Project("{FAE04EC0-301F-11D3-BF4B-00C04F79EFBC}") = "Exercicio12", "Exercicio12\Exercicio12.csproj", "{D4B852DA-4F9D-458F-B042-088C1F3FA457}"
EndProject
Global
	GlobalSection(SolutionConfigurationPlatforms) = preSolution
		Debug|Any CPU = Debug|Any CPU
		Release|Any CPU = Release|Any CPU
	EndGlobalSection
	GlobalSection(ProjectConfigurationPlatforms) = postSolution
		{834BD2A5-8EE9-4A05-A313-416AF0FFD060}.Debug|Any CPU.ActiveCfg = Debug|Any CPU
		{834BD2A5-8EE9-4A05-A313-416AF0FFD060}.Debug|Any CPU.Build.0 = Debug|Any CPU
		{834BD2A5-8EE9-4A05-A313-416AF0FFD060}.Release|Any CPU.ActiveCfg = Release|Any CPU
		{834BD2A5-8EE9-4A05-A313-416AF0FFD060}.Release|Any CPU.Build.0 = Release|Any CPU
		{6E678FDD-91AC-42B2-97CF-7DA53E9AA1CD}.Debug|Any CPU.ActiveCfg = Debug|Any CPU
		{6E678FDD-91AC-42B2-97CF-7DA53E9AA1CD}.Debug|Any CPU.Build.0 = Debug|Any CPU
		{6E678FDD-91AC-42B2-97CF-7DA53E9AA1CD}.Release|Any CPU.ActiveCfg = Release|Any CPU
		{6E678FDD-91AC-42B2-97CF-7DA53E9AA1CD}.Release|Any CPU.Build.0 = Release|Any CPU
		{BE8DB371-CC3A-404F-B87D-10D1C16D0681}.Debug|Any CPU.ActiveCfg = Debug|Any CPU
		{BE8DB371-CC3A-404F-B87D-10D1C16D0681}.Debug|Any CPU.Build.0 = Debug|Any CPU
		{BE8DB371-CC3A-404F-B87D-10D1C16D0681}.Release|Any CPU.ActiveCfg = Release|Any CPU
		{BE8DB371-CC3A-404F-B87D-10D1C16D0681}.Release|Any CPU.Build.0 = Release|Any CPU
		{0A5352D7-B33C-446C-9727-FC4F267B0D33}.Debug|Any CPU.ActiveCfg = Debug|Any CPU
		{0A5352D7-B33C-446C-9727-FC4F267B0D33}.Debug|Any CPU.Build.0 = Debug|Any CPU
		{0A5352D7-B33C-446C-9727-FC4F267B0D33}.Release|Any CPU.ActiveCfg = Release|Any CPU
		{0A5352D7-B33C-446C-9727-FC4F267B0D33}.Release|Any CPU.Build.0 = Release|Any CPU
		{04DF6EEF-530A-4E24-B8E3-8B27DE5B7ACD}.Debug|Any CPU.ActiveCfg = Debug|Any CPU
		{04DF6EEF-530A-4E24-B8E3-8B27DE5B7ACD}.Debug|Any CPU.Build.0 = Debug|Any CPU
		{04DF6EEF-530A-4E24-B8E3-8B27DE5B7ACD}.Release|Any CPU.ActiveCfg = Release|Any CPU
		{04DF6EEF-530A-4E24-B8E3-8B27DE5B7ACD}.Release|Any CPU.Build.0 = Release|Any CPU
		{012DD0F0-044B-439F-BAF4-97B30FAF49E2}.Debug|Any CPU.ActiveCfg = Debug|Any CPU
		{012DD0F0-044B-439F-BAF4-97B30FAF49E2}.Debug|Any CPU.Build.0 = Debug|Any CPU
		{012DD0F0-044B-439F-BAF4-97B30FAF49E2}.Release|Any CPU.ActiveCfg = Release|Any CPU
		{012DD0F0-044B-439F-BAF4-97B30FAF49E2}.Release|Any CPU.Build.0 = Release|Any CPU
		{DA4FBD44-D376-47A7-8251-0D27205DF1E3}.Debug|Any CPU.ActiveCfg = Debug|Any CPU
		{DA4FBD44-D376-47A7-8251-0D27205DF1E3}.Debug|Any CPU.Build.0 = Debug|Any CPU
		{DA4FBD44-D376-47A7-8251-0D27205DF1E3}.Release|Any CPU.ActiveCfg = Release|Any CPU
		{DA4FBD44-D376-47A7-8251-0D27205DF1E3}.Release|Any CPU.Build.0 = Release|Any CPU
		{B292686D-50D0-43FD-8F23-71C998603093}.Debug|Any CPU.ActiveCfg = Debug|Any CPU
		{B292686D-50D0-43FD-8F23-71C998603093}.Debug|Any CPU.Build.0 = Debug|Any CPU
		{B292686D-50D0-43FD-8F23-71C998603093}.Release|Any CPU.ActiveCfg = Release|Any CPU
		{B292686D-50D0-43FD-8F23-71C998603093}.Release|Any CPU.Build.0 = Release|Any CPU
		{BB491EA5-4063-4AF6-A475-03192D594390}.Debug|Any CPU.ActiveCfg = Debug|Any CPU
		{BB491EA5-4063-4AF6-A475-03192D594390}.Debug|Any CPU.Build.0 = Debug|Any CPU
		{BB491EA5-4063-4AF6-A475-03192D594390}.Release|Any CPU.ActiveCfg = Release|Any CPU
		{BB491EA5-4063-4AF6-A475-03192D594390}.Release|Any CPU.Build.0 = Release|Any CPU
		{8B6C6ED1-44D7-4D31-BF2B-E65C6298C869}.Debug|Any CPU.ActiveCfg = Debug|Any CPU
		{8B6C6ED1-44D7-4D31-BF2B-E65C6298C869}.Debug|Any CPU.Build.0 = Debug|Any CPU
		{8B6C6ED1-44D7-4D31-BF2B-E65C6298C869}.Release|Any CPU.ActiveCfg = Release|Any CPU
		{8B6C6ED1-44D7-4D31-BF2B-E65C6298C869}.Release|Any CPU.Build.0 = Release|Any CPU
		{810A4F75-6E98-486C-9780-B0E1866A0383}.Debug|Any CPU.ActiveCfg = Debug|Any CPU
		{810A4F75-6E98-486C-9780-B0E1866A0383}.Debug|Any CPU.Build.0 = Debug|Any CPU
		{810A4F75-6E98-486C-9780-B0E1866A0383}.Release|Any CPU.ActiveCfg = Release|Any CPU
		{810A4F75-6E98-486C-9780-B0E1866A0383}.Release|Any CPU.Build.0 = Release|Any CPU
		{D4B852DA-4F9D-458F-B042-088C1F3FA457}.Debug|Any CPU.ActiveCfg = Debug|Any CPU
		{D4B852DA-4F9D-458F-B042-088C1F3FA457}.Debug|Any CPU.Build.0 = Debug|Any CPU
		{D4B852DA-4F9D-458F-B042-088C1F3FA457}.Release|Any CPU.ActiveCfg = Release|Any CPU
		{D4B852DA-4F9D-458F-B042-088C1F3FA457}.Release|Any CPU.Build.0 = Release|Any CPU
	EndGlobalSection
	GlobalSection(SolutionProperties) = preSolution
		HideSolutionNode = FALSE
	EndGlobalSection
	GlobalSection(ExtensibilityGlobals) = postSolution
		SolutionGuid = {11EF98EC-A1A6-4302-9845-F7E6A2441527}
	EndGlobalSection
EndGlobal
